
Microsoft Visual Studio Solution File, Format Version 12.00
# Visual Studio 2012
Project("{FAE04EC0-301F-11D3-BF4B-00C04F79EFBC}") = "bleak.Validation", "bleak.Validation\bleak.Validation.csproj", "{5A6AF23B-0A21-44C4-8835-8F3A6FF006EC}"
EndProject
Project("{FAE04EC0-301F-11D3-BF4B-00C04F79EFBC}") = "bleak.Validation.Tests", "bleak.Validation.Tests\bleak.Validation.Tests.csproj", "{D2A75077-7F38-45CB-AC06-ED2460C7F747}"
EndProject
Global
	GlobalSection(SolutionConfigurationPlatforms) = preSolution
		Debug|Any CPU = Debug|Any CPU
		Release|Any CPU = Release|Any CPU
	EndGlobalSection
	GlobalSection(ProjectConfigurationPlatforms) = postSolution
		{5A6AF23B-0A21-44C4-8835-8F3A6FF006EC}.Debug|Any CPU.ActiveCfg = Debug|Any CPU
		{5A6AF23B-0A21-44C4-8835-8F3A6FF006EC}.Debug|Any CPU.Build.0 = Debug|Any CPU
		{5A6AF23B-0A21-44C4-8835-8F3A6FF006EC}.Release|Any CPU.ActiveCfg = Release|Any CPU
		{5A6AF23B-0A21-44C4-8835-8F3A6FF006EC}.Release|Any CPU.Build.0 = Release|Any CPU
		{D2A75077-7F38-45CB-AC06-ED2460C7F747}.Debug|Any CPU.ActiveCfg = Debug|Any CPU
		{D2A75077-7F38-45CB-AC06-ED2460C7F747}.Debug|Any CPU.Build.0 = Debug|Any CPU
		{D2A75077-7F38-45CB-AC06-ED2460C7F747}.Release|Any CPU.ActiveCfg = Release|Any CPU
		{D2A75077-7F38-45CB-AC06-ED2460C7F747}.Release|Any CPU.Build.0 = Release|Any CPU
	EndGlobalSection
EndGlobal
